{
  "name": "VADIM",
  "lockfileVersion": 3,
  "requires": true,
  "packages": {
    "": {
      "dependencies": {
        "just-animate": "^2.6.2"
      }
    },
    "node_modules/just-animate": {
      "version": "2.6.2",
      "resolved": "https://registry.npmjs.org/just-animate/-/just-animate-2.6.2.tgz",
      "integrity": "sha512-9dWgD77Uu+Lh5qyqR0HFreT1w6nWOPAMSeqOEhQlNt6cCvvMOh+3UGq2CbtspCRqm5TeWBFCpBWTk9EG3g3ojQ==",
      "license": "MIT",
      "dependencies": {
        "just-curves": "0.2.0"
      }
    },
    "node_modules/just-curves": {
      "version": "0.2.0",
      "resolved": "https://registry.npmjs.org/just-curves/-/just-curves-0.2.0.tgz",
      "integrity": "sha512-7EGCEGid6kVk51iFGR7AQewUDMT1OvZc8Mqj1PthErLNaa5nkQIq+heyzmXDzZPkAEwtouplNy7+Bovq2V0WaA==",
      "license": "MIT"
    }
  }
}
